// !$*UTF8*$!
{
	archiveVersion = 1;
	classes = {
	};
	objectVersion = 46;
	objects = {

/* Begin PBXBuildFile section */
		AF3987161F5E4235009F2528 /* AppDelegate.swift in Sources */ = {isa = PBXBuildFile; fileRef = AF3987151F5E4235009F2528 /* AppDelegate.swift */; };
		AF3987181F5E4235009F2528 /* ViewController.swift in Sources */ = {isa = PBXBuildFile; fileRef = AF3987171F5E4235009F2528 /* ViewController.swift */; };
		AF39871B1F5E4235009F2528 /* Main.storyboard in Resources */ = {isa = PBXBuildFile; fileRef = AF3987191F5E4235009F2528 /* Main.storyboard */; };
		AF39871D1F5E4235009F2528 /* Assets.xcassets in Resources */ = {isa = PBXBuildFile; fileRef = AF39871C1F5E4235009F2528 /* Assets.xcassets */; };
		AF3987201F5E4235009F2528 /* LaunchScreen.storyboard in Resources */ = {isa = PBXBuildFile; fileRef = AF39871E1F5E4235009F2528 /* LaunchScreen.storyboard */; };
		AF3987511F6F7B8D009F2528 /* AboutViewController.swift in Sources */ = {isa = PBXBuildFile; fileRef = AF3987501F6F7B8D009F2528 /* AboutViewController.swift */; };
/* End PBXBuildFile section */

/* Begin PBXFileReference section */
		AF3987121F5E4235009F2528 /* Tutorial1BullsEye.app */ = {isa = PBXFileReference; explicitFileType = wrapper.application; includeInIndex = 0; path = Tutorial1BullsEye.app; sourceTree = BUILT_PRODUCTS_DIR; };
		AF3987151F5E4235009F2528 /* AppDelegate.swift */ = {isa = PBXFileReference; lastKnownFileType = sourcecode.swift; path = AppDelegate.swift; sourceTree = "<group>"; };
		AF3987171F5E4235009F2528 /* ViewController.swift */ = {isa = PBXFileReference; lastKnownFileType = sourcecode.swift; path = ViewController.swift; sourceTree = "<group>"; };
		AF39871A1F5E4235009F2528 /* Base */ = {isa = PBXFileReference; lastKnownFileType = file.storyboard; name = Base; path = Base.lproj/Main.storyboard; sourceTree = "<group>"; };
		AF39871C1F5E4235009F2528 /* Assets.xcassets */ = {isa = PBXFileReference; lastKnownFileType = folder.assetcatalog; path = Assets.xcassets; sourceTree = "<group>"; };
		AF39871F1F5E4235009F2528 /* Base */ = {isa = PBXFileReference; lastKnownFileType = file.storyboard; name = Base; path = Base.lproj/LaunchScreen.storyboard; sourceTree = "<group>"; };
		AF3987211F5E4235009F2528 /* Info.plist */ = {isa = PBXFileReference; lastKnownFileType = text.plist.xml; path = Info.plist; sourceTree = "<group>"; };
		AF3987501F6F7B8D009F2528 /* AboutViewController.swift */ = {isa = PBXFileReference; fileEncoding = 4; lastKnownFileType = sourcecode.swift; path = AboutViewController.swift; sourceTree = "<group>"; };
/* End PBXFileReference section */

/* Begin PBXFrameworksBuildPhase section */
		AF39870F1F5E4235009F2528 /* Frameworks */ = {
			isa = PBXFrameworksBuildPhase;
			buildActionMask = 2147483647;
			files = (
			);
			runOnlyForDeploymentPostprocessing = 0;
		};
/* End PBXFrameworksBuildPhase section */

/* Begin PBXGroup section */
		AF3987091F5E4235009F2528 = {
			isa = PBXGroup;
			children = (
				AF3987141F5E4235009F2528 /* Tutorial1BullsEye */,
				AF3987131F5E4235009F2528 /* Products */,
			);
			sourceTree = "<group>";
		};
		AF3987131F5E4235009F2528 /* Products */ = {
			isa = PBXGroup;
			children = (
				AF3987121F5E4235009F2528 /* Tutorial1BullsEye.app */,
			);
			name = Products;
			sourceTree = "<group>";
		};
		AF3987141F5E4235009F2528 /* Tutorial1BullsEye */ = {
			isa = PBXGroup;
			children = (
				AF3987151F5E4235009F2528 /* AppDelegate.swift */,
				AF3987171F5E4235009F2528 /* ViewController.swift */,
				AF3987501F6F7B8D009F2528 /* AboutViewController.swift */,
				AF3987191F5E4235009F2528 /* Main.storyboard */,
				AF39871C1F5E4235009F2528 /* Assets.xcassets */,
				AF39871E1F5E4235009F2528 /* LaunchScreen.storyboard */,
				AF3987211F5E4235009F2528 /* Info.plist */,
			);
			path = Tutorial1BullsEye;
			sourceTree = "<group>";
		};
/* End PBXGroup section */

/* Begin PBXNativeTarget section */
		AF3987111F5E4235009F2528 /* Tutorial1BullsEye */ = {
			isa = PBXNativeTarget;
			buildConfigurationList = AF3987241F5E4235009F2528 /* Build configuration list for PBXNativeTarget "Tutorial1BullsEye" */;
			buildPhases = (
				AF39870E1F5E4235009F2528 /* Sources */,
				AF39870F1F5E4235009F2528 /* Frameworks */,
				AF3987101F5E4235009F2528 /* Resources */,
			);
			buildRules = (
			);
			dependencies = (
			);
			name = Tutorial1BullsEye;
			productName = Tutorial1BullsEye;
			productReference = AF3987121F5E4235009F2528 /* Tutorial1BullsEye.app */;
			productType = "com.apple.product-type.application";
		};
/* End PBXNativeTarget section */

/* Begin PBXProject section */
		AF39870A1F5E4235009F2528 /* Project object */ = {
			isa = PBXProject;
			attributes = {
				LastSwiftUpdateCheck = 0830;
				LastUpgradeCheck = 0900;
				ORGANIZATIONNAME = Fruit;
				TargetAttributes = {
					AF3987111F5E4235009F2528 = {
						CreatedOnToolsVersion = 8.3.3;
						DevelopmentTeam = 437WSAAS8K;
						LastSwiftMigration = 0900;
						ProvisioningStyle = Automatic;
					};
				};
			};
			buildConfigurationList = AF39870D1F5E4235009F2528 /* Build configuration list for PBXProject "Tutorial1BullsEye" */;
			compatibilityVersion = "Xcode 3.2";
			developmentRegion = English;
			hasScannedForEncodings = 0;
			knownRegions = (
				en,
				Base,
			);
			mainGroup = AF3987091F5E4235009F2528;
			productRefGroup = AF3987131F5E4235009F2528 /* Products */;
			projectDirPath = "";
			projectRoot = "";
			targets = (
				AF3987111F5E4235009F2528 /* Tutorial1BullsEye */,
			);
		};
/* End PBXProject section */

/* Begin PBXResourcesBuildPhase section */
		AF3987101F5E4235009F2528 /* Resources */ = {
			isa = PBXResourcesBuildPhase;
			buildActionMask = 2147483647;
			files = (
				AF3987201F5E4235009F2528 /* LaunchScreen.storyboard in Resources */,
				AF39871D1F5E4235009F2528 /* Assets.xcassets in Resources */,
				AF39871B1F5E4235009F2528 /* Main.storyboard in Resources */,
			);
			runOnlyForDeploymentPostprocessing = 0;
		};
/* End PBXResourcesBuildPhase section */

/* Begin PBXSourcesBuildPhase section */
		AF39870E1F5E4235009F2528 /* Sources */ = {
			isa = PBXSourcesBuildPhase;
			buildActionMask = 2147483647;
			files = (
				AF3987511F6F7B8D009F2528 /* AboutViewController.swift in Sources */,
				AF3987181F5E4235009F2528 /* ViewController.swift in Sources */,
				AF3987161F5E4235009F2528 /* AppDelegate.swift in Sources */,
			);
			runOnlyForDeploymentPostprocessing = 0;
		};
/* End PBXSourcesBuildPhase section */

/* Begin PBXVariantGroup section */
		AF3987191F5E4235009F2528 /* Main.storyboard */ = {
			isa = PBXVariantGroup;
			children = (
				AF39871A1F5E4235009F2528 /* Base */,
			);
			name = Main.storyboard;
			sourceTree = "<group>";
		};
		AF39871E1F5E4235009F2528 /* LaunchScreen.storyboard */ = {
			isa = PBXVariantGroup;
			children = (
				AF39871F1F5E4235009F2528 /* Base */,
			);
			name = LaunchScreen.storyboard;
			sourceTree = "<group>";
		};
/* End PBXVariantGroup section */

/* Begin XCBuildConfiguration section */
		AF3987221F5E4235009F2528 /* Debug */ = {
			isa = XCBuildConfiguration;
			buildSettings = {
				ALWAYS_SEARCH_USER_PATHS = NO;
				CLANG_ANALYZER_NONNULL = YES;
				CLANG_ANALYZER_NUMBER_OBJECT_CONVERSION = YES_AGGRESSIVE;
				CLANG_CXX_LANGUAGE_STANDARD = "gnu++0x";
				CLANG_CXX_LIBRARY = "libc++";
				CLANG_ENABLE_MODULES = YES;
				CLANG_ENABLE_OBJC_ARC = YES;
				CLANG_WARN_BLOCK_CAPTURE_AUTORELEASING = YES;
				CLANG_WARN_BOOL_CONVERSION = YES;
				CLANG_WARN_COMMA = YES;
				CLANG_WARN_CONSTANT_CONVERSION = YES;
				CLANG_WARN_DIRECT_OBJC_ISA_USAGE = YES_ERROR;
				CLANG_WARN_DOCUMENTATION_COMMENTS = YES;
				CLANG_WARN_EMPTY_BODY = YES;
				CLANG_WARN_ENUM_CONVERSION = YES;
				CLANG_WARN_INFINITE_RECURSION = YES;
				CLANG_WARN_INT_CONVERSION = YES;
				CLANG_WARN_NON_LITERAL_NULL_CONVERSION = YES;
				CLANG_WARN_OBJC_LITERAL_CONVERSION = YES;
				CLANG_WARN_OBJC_ROOT_CLASS = YES_ERROR;
				CLANG_WARN_RANGE_LOOP_ANALYSIS = YES;
				CLANG_WARN_STRICT_PROTOTYPES = YES;
				CLANG_WARN_SUSPICIOUS_MOVE = YES;
				CLANG_WARN_UNREACHABLE_CODE = YES;
				CLANG_WARN__DUPLICATE_METHOD_MATCH = YES;
				"CODE_SIGN_IDENTITY[sdk=iphoneos*]" = "iPhone Developer";
				COPY_PHASE_STRIP = NO;
				DEBUG_INFORMATION_FORMAT = dwarf;
				ENABLE_STRICT_OBJC_MSGSEND = YES;
				ENABLE_TESTABILITY = YES;
				GCC_C_LANGUAGE_STANDARD = gnu99;
				GCC_DYNAMIC_NO_PIC = NO;
				GCC_NO_COMMON_BLOCKS = YES;
				GCC_OPTIMIZATION_LEVEL = 0;
				GCC_PREPROCESSOR_DEFINITIONS = (
					"DEBUG=1",
					"$(inherited)",
				);
				GCC_WARN_64_TO_32_BIT_CONVERSION = YES;
				GCC_WARN_ABOUT_RETURN_TYPE = YES_ERROR;
				GCC_WARN_UNDECLARED_SELECTOR = YES;
				GCC_WARN_UNINITIALIZED_AUTOS = YES_AGGRESSIVE;
				GCC_WARN_UNUSED_FUNCTION = YES;
				GCC_WARN_UNUSED_VARIABLE = YES;
				IPHONEOS_DEPLOYMENT_TARGET = 10.3;
				MTL_ENABLE_DEBUG_INFO = YES;
				ONLY_ACTIVE_ARCH = YES;
				SDKROOT = iphoneos;
				SWIFT_ACTIVE_COMPILATION_CONDITIONS = DEBUG;
				SWIFT_OPTIMIZATION_LEVEL = "-Onone";
			};
			name = Debug;
		};
		AF3987231F5E4235009F2528 /* Release */ = {
			isa = XCBuildConfiguration;
			buildSettings = {
				ALWAYS_SEARCH_USER_PATHS = NO;
				CLANG_ANALYZER_NONNULL = YES;
				CLANG_ANALYZER_NUMBER_OBJECT_CONVERSION = YES_AGGRESSIVE;
				CLANG_CXX_LANGUAGE_STANDARD = "gnu++0x";
				CLANG_CXX_LIBRARY = "libc++";
				CLANG_ENABLE_MODULES = YES;
				CLANG_ENABLE_OBJC_ARC = YES;
				CLANG_WARN_BLOCK_CAPTURE_AUTORELEASING = YES;
				CLANG_WARN_BOOL_CONVERSION = YES;
				CLANG_WARN_COMMA = YES;
				CLANG_WARN_CONSTANT_CONVERSION = YES;
				CLANG_WARN_DIRECT_OBJC_ISA_USAGE = YES_ERROR;
				CLANG_WARN_DOCUMENTATION_COMMENTS = YES;
				CLANG_WARN_EMPTY_BODY = YES;
				CLANG_WARN_ENUM_CONVERSION = YES;
				CLANG_WARN_INFINITE_RECURSION = YES;
				CLANG_WARN_INT_CONVERSION = YES;
				CLANG_WARN_NON_LITERAL_NULL_CONVERSION = YES;
				CLANG_WARN_OBJC_LITERAL_CONVERSION = YES;
				CLANG_WARN_OBJC_ROOT_CLASS = YES_ERROR;
				CLANG_WARN_RANGE_LOOP_ANALYSIS = YES;
				CLANG_WARN_STRICT_PROTOTYPES = YES;
				CLANG_WARN_SUSPICIOUS_MOVE = YES;
				CLANG_WARN_UNREACHABLE_CODE = YES;
				CLANG_WARN__DUPLICATE_METHOD_MATCH = YES;
				"CODE_SIGN_IDENTITY[sdk=iphoneos*]" = "iPhone Developer";
				COPY_PHASE_STRIP = NO;
				DEBUG_INFORMATION_FORMAT = "dwarf-with-dsym";
				ENABLE_NS_ASSERTIONS = NO;
				ENABLE_STRICT_OBJC_MSGSEND = YES;
				GCC_C_LANGUAGE_STANDARD = gnu99;
				GCC_NO_COMMON_BLOCKS = YES;
				GCC_WARN_64_TO_32_BIT_CONVERSION = YES;
				GCC_WARN_ABOUT_RETURN_TYPE = YES_ERROR;
				GCC_WARN_UNDECLARED_SELECTOR = YES;
				GCC_WARN_UNINITIALIZED_AUTOS = YES_AGGRESSIVE;
				GCC_WARN_UNUSED_FUNCTION = YES;
				GCC_WARN_UNUSED_VARIABLE = YES;
				IPHONEOS_DEPLOYMENT_TARGET = 10.3;
				MTL_ENABLE_DEBUG_INFO = NO;
				SDKROOT = iphoneos;
				SWIFT_OPTIMIZATION_LEVEL = "-Owholemodule";
				VALIDATE_PRODUCT = YES;
			};
			name = Release;
		};
		AF3987251F5E4235009F2528 /* Debug */ = {
			isa = XCBuildConfiguration;
			buildSettings = {
				ASSETCATALOG_COMPILER_APPICON_NAME = AppIcon;
				DEVELOPMENT_TEAM = 437WSAAS8K;
				INFOPLIST_FILE = Tutorial1BullsEye/Info.plist;
				LD_RUNPATH_SEARCH_PATHS = "$(inherited) @executable_path/Frameworks";
				PRODUCT_BUNDLE_IDENTIFIER = Fruit.Tutorial1BullsEye;
				PRODUCT_NAME = "$(TARGET_NAME)";
				SWIFT_SWIFT3_OBJC_INFERENCE = On;
				SWIFT_VERSION = 4.0;
			};
			name = Debug;
		};
		AF3987261F5E4235009F2528 /* Release */ = {
			isa = XCBuildConfiguration;
			buildSettings = {
				ASSETCATALOG_COMPILER_APPICON_NAME = AppIcon;
				DEVELOPMENT_TEAM = 437WSAAS8K;
				INFOPLIST_FILE = Tutorial1BullsEye/Info.plist;
				LD_RUNPATH_SEARCH_PATHS = "$(inherited) @executable_path/Frameworks";
				PRODUCT_BUNDLE_IDENTIFIER = Fruit.Tutorial1BullsEye;
				PRODUCT_NAME = "$(TARGET_NAME)";
				SWIFT_SWIFT3_OBJC_INFERENCE = On;
				SWIFT_VERSION = 4.0;
			};
			name = Release;
		};
/* End XCBuildConfiguration section */

/* Begin XCConfigurationList section */
		AF39870D1F5E4235009F2528 /* Build configuration list for PBXProject "Tutorial1BullsEye" */ = {
			isa = XCConfigurationList;
			buildConfigurations = (
				AF3987221F5E4235009F2528 /* Debug */,
				AF3987231F5E4235009F2528 /* Release */,
			);
			defaultConfigurationIsVisible = 0;
			defaultConfigurationName = Release;
		};
		AF3987241F5E4235009F2528 /* Build configuration list for PBXNativeTarget "Tutorial1BullsEye" */ = {
			isa = XCConfigurationList;
			buildConfigurations = (
				AF3987251F5E4235009F2528 /* Debug */,
				AF3987261F5E4235009F2528 /* Release */,
			);
			defaultConfigurationIsVisible = 0;
			defaultConfigurationName = Release;
		};
/* End XCConfigurationList section */
	};
	rootObject = AF39870A1F5E4235009F2528 /* Project object */;
}
